golang.org/x/net v0.0.0-20211005215030-d2e5035098b3 h1:G64nFNerDErBd2KdvHvIn3Ee6ccUQBTfhDZEO0DccfU=
golang.org/x/net v0.0.0-20211005215030-d2e5035098b3/go.mod h1:9nx3DQGgdP8bBQD5qxJ1jj9UTztislL4KSBs9R2vV5Y=
golang.org/x/net v0.0.0-20211006190231-62292e806868 h1:KlOXYy8wQWTUJYFgkUI40Lzr06ofg5IRXUK5C7qZt1k=
golang.org/x/net v0.0.0-20211006190231-62292e806868/go.mod h1:9nx3DQGgdP8bBQD5qxJ1jj9UTztislL4KSBs9R2vV5Y=
